
Microsoft Visual Studio Solution File, Format Version 12.00
# Visual Studio Version 17
VisualStudioVersion = 17.5.002.0
MinimumVisualStudioVersion = 10.0.40219.1
Project("{9A19103F-16F7-4668-BE54-9A1E7A4F7556}") = "jarinfectionscanneruniversal", "jarinfectionscanneruniversal.csproj", "{06A63FA8-E566-4C2B-A4D1-2C1C18EE98F2}"
EndProject
Project("{2150E333-8FDC-42A3-9474-1A3956D46DE8}") = "bin", "bin", "{674007DE-04DA-4EC6-8BD7-20FF351FF8CF}"
EndProject
Project("{2150E333-8FDC-42A3-9474-1A3956D46DE8}") = "Release", "Release", "{F44D0C57-58B2-4C1E-BDED-701FF974C37E}"
EndProject
Project("{2150E333-8FDC-42A3-9474-1A3956D46DE8}") = "net6.0", "net6.0", "{B09A8F7E-CE1C-4B5D-BF53-5366B8CBCF70}"
EndProject
Project("{9A19103F-16F7-4668-BE54-9A1E7A4F7556}") = "BenchmarkDotNet.Autogenerated", "bin\Release\net6.0\3676d8d5-2c71-4885-b34f-e5a940934dd2\BenchmarkDotNet.Autogenerated.csproj", "{85BA2839-62A9-421A-A14A-38D451C8F3BD}"
EndProject
Global
	GlobalSection(SolutionConfigurationPlatforms) = preSolution
		Debug|Any CPU = Debug|Any CPU
		Release|Any CPU = Release|Any CPU
	EndGlobalSection
	GlobalSection(ProjectConfigurationPlatforms) = postSolution
		{06A63FA8-E566-4C2B-A4D1-2C1C18EE98F2}.Debug|Any CPU.ActiveCfg = Debug|Any CPU
		{06A63FA8-E566-4C2B-A4D1-2C1C18EE98F2}.Debug|Any CPU.Build.0 = Debug|Any CPU
		{06A63FA8-E566-4C2B-A4D1-2C1C18EE98F2}.Release|Any CPU.ActiveCfg = Release|Any CPU
		{06A63FA8-E566-4C2B-A4D1-2C1C18EE98F2}.Release|Any CPU.Build.0 = Release|Any CPU
		{85BA2839-62A9-421A-A14A-38D451C8F3BD}.Debug|Any CPU.ActiveCfg = Debug|Any CPU
		{85BA2839-62A9-421A-A14A-38D451C8F3BD}.Debug|Any CPU.Build.0 = Debug|Any CPU
		{85BA2839-62A9-421A-A14A-38D451C8F3BD}.Release|Any CPU.ActiveCfg = Release|Any CPU
		{85BA2839-62A9-421A-A14A-38D451C8F3BD}.Release|Any CPU.Build.0 = Release|Any CPU
	EndGlobalSection
	GlobalSection(SolutionProperties) = preSolution
		HideSolutionNode = FALSE
	EndGlobalSection
	GlobalSection(NestedProjects) = preSolution
		{F44D0C57-58B2-4C1E-BDED-701FF974C37E} = {674007DE-04DA-4EC6-8BD7-20FF351FF8CF}
		{B09A8F7E-CE1C-4B5D-BF53-5366B8CBCF70} = {F44D0C57-58B2-4C1E-BDED-701FF974C37E}
		{85BA2839-62A9-421A-A14A-38D451C8F3BD} = {B09A8F7E-CE1C-4B5D-BF53-5366B8CBCF70}
	EndGlobalSection
	GlobalSection(ExtensibilityGlobals) = postSolution
		SolutionGuid = {836C98E6-892E-44BA-8679-8AEC305B5E50}
	EndGlobalSection
EndGlobal
